
Microsoft Visual Studio Solution File, Format Version 12.00
# Visual Studio Version 16
VisualStudioVersion = 16.0.29001.49
MinimumVisualStudioVersion = 10.0.40219.1
Project("{FAE04EC0-301F-11D3-BF4B-00C04F79EFBC}") = "PhotowalaWebsite", "PhotowalaWebsite\PhotowalaWebsite.csproj", "{87D9EBCD-6741-4870-8D0B-D6C71BC8E9EB}"
EndProject
Global
	GlobalSection(SolutionConfigurationPlatforms) = preSolution
		Debug|Any CPU = Debug|Any CPU
		Release|Any CPU = Release|Any CPU
	EndGlobalSection
	GlobalSection(ProjectConfigurationPlatforms) = postSolution
		{87D9EBCD-6741-4870-8D0B-D6C71BC8E9EB}.Debug|Any CPU.ActiveCfg = Debug|Any CPU
		{87D9EBCD-6741-4870-8D0B-D6C71BC8E9EB}.Debug|Any CPU.Build.0 = Debug|Any CPU
		{87D9EBCD-6741-4870-8D0B-D6C71BC8E9EB}.Release|Any CPU.ActiveCfg = Release|Any CPU
		{87D9EBCD-6741-4870-8D0B-D6C71BC8E9EB}.Release|Any CPU.Build.0 = Release|Any CPU
	EndGlobalSection
	GlobalSection(SolutionProperties) = preSolution
		HideSolutionNode = FALSE
	EndGlobalSection
	GlobalSection(ExtensibilityGlobals) = postSolution
		SolutionGuid = {BF0D2ACD-B5DC-4F31-9BF9-8FC6C81452C0}
	EndGlobalSection
EndGlobal
